
Microsoft Visual Studio Solution File, Format Version 12.00
# Visual Studio Version 17
VisualStudioVersion = 17.7.34221.43
MinimumVisualStudioVersion = 10.0.40219.1
Project("{FAE04EC0-301F-11D3-BF4B-00C04F79EFBC}") = "Dalle3", "Dalle3.csproj", "{BC7DE14B-596F-4948-8F40-39D43CD80955}"
EndProject
Global
	GlobalSection(SolutionConfigurationPlatforms) = preSolution
		Debug|Any CPU = Debug|Any CPU
		Debug|ARM64 = Debug|ARM64
		Release|Any CPU = Release|Any CPU
		Release|ARM64 = Release|ARM64
	EndGlobalSection
	GlobalSection(ProjectConfigurationPlatforms) = postSolution
		{BC7DE14B-596F-4948-8F40-39D43CD80955}.Debug|Any CPU.ActiveCfg = Debug|Any CPU
		{BC7DE14B-596F-4948-8F40-39D43CD80955}.Debug|Any CPU.Build.0 = Debug|Any CPU
		{BC7DE14B-596F-4948-8F40-39D43CD80955}.Debug|ARM64.ActiveCfg = Debug|ARM64
		{BC7DE14B-596F-4948-8F40-39D43CD80955}.Debug|ARM64.Build.0 = Debug|ARM64
		{BC7DE14B-596F-4948-8F40-39D43CD80955}.Release|Any CPU.ActiveCfg = Release|Any CPU
		{BC7DE14B-596F-4948-8F40-39D43CD80955}.Release|Any CPU.Build.0 = Release|Any CPU
		{BC7DE14B-596F-4948-8F40-39D43CD80955}.Release|ARM64.ActiveCfg = Release|ARM64
		{BC7DE14B-596F-4948-8F40-39D43CD80955}.Release|ARM64.Build.0 = Release|ARM64
	EndGlobalSection
	GlobalSection(SolutionProperties) = preSolution
		HideSolutionNode = FALSE
	EndGlobalSection
	GlobalSection(ExtensibilityGlobals) = postSolution
		SolutionGuid = {D5707052-13AC-4801-A5B9-38B713F250B0}
	EndGlobalSection
EndGlobal
